// !$*UTF8*$!
{
	archiveVersion = 1;
	classes = {
	};
	objectVersion = 50;
	objects = {

/* Begin PBXBuildFile section */
		CEE02DB523B78C5600B09D43 /* AppDelegate.swift in Sources */ = {isa = PBXBuildFile; fileRef = CEE02DB423B78C5600B09D43 /* AppDelegate.swift */; };
		CEE02DBA23B78C5600B09D43 /* Main.storyboard in Resources */ = {isa = PBXBuildFile; fileRef = CEE02DB823B78C5600B09D43 /* Main.storyboard */; };
		CEE02DBC23B78C5700B09D43 /* Assets.xcassets in Resources */ = {isa = PBXBuildFile; fileRef = CEE02DBB23B78C5700B09D43 /* Assets.xcassets */; };
		CEE02DBF23B78C5700B09D43 /* LaunchScreen.storyboard in Resources */ = {isa = PBXBuildFile; fileRef = CEE02DBD23B78C5700B09D43 /* LaunchScreen.storyboard */; };
		CEE02DCA23B78C5700B09D43 /* BangBangNoteTests.swift in Sources */ = {isa = PBXBuildFile; fileRef = CEE02DC923B78C5700B09D43 /* BangBangNoteTests.swift */; };
		CEE02DD523B78C5700B09D43 /* BangBangNoteUITests.swift in Sources */ = {isa = PBXBuildFile; fileRef = CEE02DD423B78C5700B09D43 /* BangBangNoteUITests.swift */; };
		CEE02DE623B793B200B09D43 /* Animation.swift in Sources */ = {isa = PBXBuildFile; fileRef = CEE02DE523B793B200B09D43 /* Animation.swift */; };
		CEE02DE923B84EE500B09D43 /* BaseViewController.swift in Sources */ = {isa = PBXBuildFile; fileRef = CEE02DE823B84EE500B09D43 /* BaseViewController.swift */; };
		CEE02DEB23B8A2E100B09D43 /* MainViewController.swift in Sources */ = {isa = PBXBuildFile; fileRef = CEE02DEA23B8A2E100B09D43 /* MainViewController.swift */; };
		CEE02DED23B8A4AA00B09D43 /* BaseNavigationViewController.swift in Sources */ = {isa = PBXBuildFile; fileRef = CEE02DEC23B8A4AA00B09D43 /* BaseNavigationViewController.swift */; };
/* End PBXBuildFile section */

/* Begin PBXContainerItemProxy section */
		CEE02DC623B78C5700B09D43 /* PBXContainerItemProxy */ = {
			isa = PBXContainerItemProxy;
			containerPortal = CEE02DA923B78C5600B09D43 /* Project object */;
			proxyType = 1;
			remoteGlobalIDString = CEE02DB023B78C5600B09D43;
			remoteInfo = BangBangNote;
		};
		CEE02DD123B78C5700B09D43 /* PBXContainerItemProxy */ = {
			isa = PBXContainerItemProxy;
			containerPortal = CEE02DA923B78C5600B09D43 /* Project object */;
			proxyType = 1;
			remoteGlobalIDString = CEE02DB023B78C5600B09D43;
			remoteInfo = BangBangNote;
		};
/* End PBXContainerItemProxy section */

/* Begin PBXFileReference section */
		CEE02DB123B78C5600B09D43 /* BangBangNote.app */ = {isa = PBXFileReference; explicitFileType = wrapper.application; includeInIndex = 0; path = BangBangNote.app; sourceTree = BUILT_PRODUCTS_DIR; };
		CEE02DB423B78C5600B09D43 /* AppDelegate.swift */ = {isa = PBXFileReference; lastKnownFileType = sourcecode.swift; path = AppDelegate.swift; sourceTree = "<group>"; };
		CEE02DB923B78C5600B09D43 /* Base */ = {isa = PBXFileReference; lastKnownFileType = file.storyboard; name = Base; path = Base.lproj/Main.storyboard; sourceTree = "<group>"; };
		CEE02DBB23B78C5700B09D43 /* Assets.xcassets */ = {isa = PBXFileReference; lastKnownFileType = folder.assetcatalog; path = Assets.xcassets; sourceTree = "<group>"; };
		CEE02DBE23B78C5700B09D43 /* Base */ = {isa = PBXFileReference; lastKnownFileType = file.storyboard; name = Base; path = Base.lproj/LaunchScreen.storyboard; sourceTree = "<group>"; };
		CEE02DC023B78C5700B09D43 /* Info.plist */ = {isa = PBXFileReference; lastKnownFileType = text.plist.xml; path = Info.plist; sourceTree = "<group>"; };
		CEE02DC523B78C5700B09D43 /* BangBangNoteTests.xctest */ = {isa = PBXFileReference; explicitFileType = wrapper.cfbundle; includeInIndex = 0; path = BangBangNoteTests.xctest; sourceTree = BUILT_PRODUCTS_DIR; };
		CEE02DC923B78C5700B09D43 /* BangBangNoteTests.swift */ = {isa = PBXFileReference; lastKnownFileType = sourcecode.swift; path = BangBangNoteTests.swift; sourceTree = "<group>"; };
		CEE02DCB23B78C5700B09D43 /* Info.plist */ = {isa = PBXFileReference; lastKnownFileType = text.plist.xml; path = Info.plist; sourceTree = "<group>"; };
		CEE02DD023B78C5700B09D43 /* BangBangNoteUITests.xctest */ = {isa = PBXFileReference; explicitFileType = wrapper.cfbundle; includeInIndex = 0; path = BangBangNoteUITests.xctest; sourceTree = BUILT_PRODUCTS_DIR; };
		CEE02DD423B78C5700B09D43 /* BangBangNoteUITests.swift */ = {isa = PBXFileReference; lastKnownFileType = sourcecode.swift; path = BangBangNoteUITests.swift; sourceTree = "<group>"; };
		CEE02DD623B78C5700B09D43 /* Info.plist */ = {isa = PBXFileReference; lastKnownFileType = text.plist.xml; path = Info.plist; sourceTree = "<group>"; };
		CEE02DE523B793B200B09D43 /* Animation.swift */ = {isa = PBXFileReference; lastKnownFileType = sourcecode.swift; path = Animation.swift; sourceTree = "<group>"; };
		CEE02DE823B84EE500B09D43 /* BaseViewController.swift */ = {isa = PBXFileReference; lastKnownFileType = sourcecode.swift; path = BaseViewController.swift; sourceTree = "<group>"; };
		CEE02DEA23B8A2E100B09D43 /* MainViewController.swift */ = {isa = PBXFileReference; lastKnownFileType = sourcecode.swift; path = MainViewController.swift; sourceTree = "<group>"; };
		CEE02DEC23B8A4AA00B09D43 /* BaseNavigationViewController.swift */ = {isa = PBXFileReference; lastKnownFileType = sourcecode.swift; path = BaseNavigationViewController.swift; sourceTree = "<group>"; };
/* End PBXFileReference section */

/* Begin PBXFrameworksBuildPhase section */
		CEE02DAE23B78C5600B09D43 /* Frameworks */ = {
			isa = PBXFrameworksBuildPhase;
			buildActionMask = 2147483647;
			files = (
			);
			runOnlyForDeploymentPostprocessing = 0;
		};
		CEE02DC223B78C5700B09D43 /* Frameworks */ = {
			isa = PBXFrameworksBuildPhase;
			buildActionMask = 2147483647;
			files = (
			);
			runOnlyForDeploymentPostprocessing = 0;
		};
		CEE02DCD23B78C5700B09D43 /* Frameworks */ = {
			isa = PBXFrameworksBuildPhase;
			buildActionMask = 2147483647;
			files = (
			);
			runOnlyForDeploymentPostprocessing = 0;
		};
/* End PBXFrameworksBuildPhase section */

/* Begin PBXGroup section */
		CEE02DA823B78C5600B09D43 = {
			isa = PBXGroup;
			children = (
				CEE02DB323B78C5600B09D43 /* BangBangNote */,
				CEE02DC823B78C5700B09D43 /* BangBangNoteTests */,
				CEE02DD323B78C5700B09D43 /* BangBangNoteUITests */,
				CEE02DB223B78C5600B09D43 /* Products */,
			);
			sourceTree = "<group>";
		};
		CEE02DB223B78C5600B09D43 /* Products */ = {
			isa = PBXGroup;
			children = (
				CEE02DB123B78C5600B09D43 /* BangBangNote.app */,
				CEE02DC523B78C5700B09D43 /* BangBangNoteTests.xctest */,
				CEE02DD023B78C5700B09D43 /* BangBangNoteUITests.xctest */,
			);
			name = Products;
			sourceTree = "<group>";
		};
		CEE02DB323B78C5600B09D43 /* BangBangNote */ = {
			isa = PBXGroup;
			children = (
				CEE02DE223B78CC300B09D43 /* Manager */,
				CEE02DEE23BA457100B09D43 /* MainVC */,
				CEE02DB423B78C5600B09D43 /* AppDelegate.swift */,
				CEE02DBD23B78C5700B09D43 /* LaunchScreen.storyboard */,
				CEE02DBB23B78C5700B09D43 /* Assets.xcassets */,
				CEE02DC023B78C5700B09D43 /* Info.plist */,
			);
			path = BangBangNote;
			sourceTree = "<group>";
		};
		CEE02DC823B78C5700B09D43 /* BangBangNoteTests */ = {
			isa = PBXGroup;
			children = (
				CEE02DC923B78C5700B09D43 /* BangBangNoteTests.swift */,
				CEE02DCB23B78C5700B09D43 /* Info.plist */,
			);
			path = BangBangNoteTests;
			sourceTree = "<group>";
		};
		CEE02DD323B78C5700B09D43 /* BangBangNoteUITests */ = {
			isa = PBXGroup;
			children = (
				CEE02DD423B78C5700B09D43 /* BangBangNoteUITests.swift */,
				CEE02DD623B78C5700B09D43 /* Info.plist */,
			);
			path = BangBangNoteUITests;
			sourceTree = "<group>";
		};
		CEE02DE223B78CC300B09D43 /* Manager */ = {
			isa = PBXGroup;
			children = (
				CEE02DE423B7938E00B09D43 /* ModuleVC */,
			);
			path = Manager;
			sourceTree = "<group>";
		};
		CEE02DE423B7938E00B09D43 /* ModuleVC */ = {
			isa = PBXGroup;
			children = (
				CEE02DEC23B8A4AA00B09D43 /* BaseNavigationViewController.swift */,
				CEE02DE823B84EE500B09D43 /* BaseViewController.swift */,
				CEE02DE523B793B200B09D43 /* Animation.swift */,
			);
			path = ModuleVC;
			sourceTree = "<group>";
		};
		CEE02DEE23BA457100B09D43 /* MainVC */ = {
			isa = PBXGroup;
			children = (
				CEE02DF023BA459200B09D43 /* VC */,
				CEE02DEF23BA458600B09D43 /* View */,
			);
			path = MainVC;
			sourceTree = "<group>";
		};
		CEE02DEF23BA458600B09D43 /* View */ = {
			isa = PBXGroup;
			children = (
				CEE02DEA23B8A2E100B09D43 /* MainViewController.swift */,
			);
			path = View;
			sourceTree = "<group>";
		};
		CEE02DF023BA459200B09D43 /* VC */ = {
			isa = PBXGroup;
			children = (
				CEE02DB823B78C5600B09D43 /* Main.storyboard */,
			);
			path = VC;
			sourceTree = "<group>";
		};
/* End PBXGroup section */

/* Begin PBXNativeTarget section */
		CEE02DB023B78C5600B09D43 /* BangBangNote */ = {
			isa = PBXNativeTarget;
			buildConfigurationList = CEE02DD923B78C5700B09D43 /* Build configuration list for PBXNativeTarget "BangBangNote" */;
			buildPhases = (
				CEE02DAD23B78C5600B09D43 /* Sources */,
				CEE02DAE23B78C5600B09D43 /* Frameworks */,
				CEE02DAF23B78C5600B09D43 /* Resources */,
			);
			buildRules = (
			);
			dependencies = (
			);
			name = BangBangNote;
			productName = BangBangNote;
			productReference = CEE02DB123B78C5600B09D43 /* BangBangNote.app */;
			productType = "com.apple.product-type.application";
		};
		CEE02DC423B78C5700B09D43 /* BangBangNoteTests */ = {
			isa = PBXNativeTarget;
			buildConfigurationList = CEE02DDC23B78C5700B09D43 /* Build configuration list for PBXNativeTarget "BangBangNoteTests" */;
			buildPhases = (
				CEE02DC123B78C5700B09D43 /* Sources */,
				CEE02DC223B78C5700B09D43 /* Frameworks */,
				CEE02DC323B78C5700B09D43 /* Resources */,
			);
			buildRules = (
			);
			dependencies = (
				CEE02DC723B78C5700B09D43 /* PBXTargetDependency */,
			);
			name = BangBangNoteTests;
			productName = BangBangNoteTests;
			productReference = CEE02DC523B78C5700B09D43 /* BangBangNoteTests.xctest */;
			productType = "com.apple.product-type.bundle.unit-test";
		};
		CEE02DCF23B78C5700B09D43 /* BangBangNoteUITests */ = {
			isa = PBXNativeTarget;
			buildConfigurationList = CEE02DDF23B78C5700B09D43 /* Build configuration list for PBXNativeTarget "BangBangNoteUITests" */;
			buildPhases = (
				CEE02DCC23B78C5700B09D43 /* Sources */,
				CEE02DCD23B78C5700B09D43 /* Frameworks */,
				CEE02DCE23B78C5700B09D43 /* Resources */,
			);
			buildRules = (
			);
			dependencies = (
				CEE02DD223B78C5700B09D43 /* PBXTargetDependency */,
			);
			name = BangBangNoteUITests;
			productName = BangBangNoteUITests;
			productReference = CEE02DD023B78C5700B09D43 /* BangBangNoteUITests.xctest */;
			productType = "com.apple.product-type.bundle.ui-testing";
		};
/* End PBXNativeTarget section */

/* Begin PBXProject section */
		CEE02DA923B78C5600B09D43 /* Project object */ = {
			isa = PBXProject;
			attributes = {
				LastSwiftUpdateCheck = 1020;
				LastUpgradeCheck = 1020;
				ORGANIZATIONNAME = "林易興";
				TargetAttributes = {
					CEE02DB023B78C5600B09D43 = {
						CreatedOnToolsVersion = 10.2;
					};
					CEE02DC423B78C5700B09D43 = {
						CreatedOnToolsVersion = 10.2;
						TestTargetID = CEE02DB023B78C5600B09D43;
					};
					CEE02DCF23B78C5700B09D43 = {
						CreatedOnToolsVersion = 10.2;
						TestTargetID = CEE02DB023B78C5600B09D43;
					};
				};
			};
			buildConfigurationList = CEE02DAC23B78C5600B09D43 /* Build configuration list for PBXProject "BangBangNote" */;
			compatibilityVersion = "Xcode 9.3";
			developmentRegion = en;
			hasScannedForEncodings = 0;
			knownRegions = (
				en,
				Base,
			);
			mainGroup = CEE02DA823B78C5600B09D43;
			productRefGroup = CEE02DB223B78C5600B09D43 /* Products */;
			projectDirPath = "";
			projectRoot = "";
			targets = (
				CEE02DB023B78C5600B09D43 /* BangBangNote */,
				CEE02DC423B78C5700B09D43 /* BangBangNoteTests */,
				CEE02DCF23B78C5700B09D43 /* BangBangNoteUITests */,
			);
		};
/* End PBXProject section */

/* Begin PBXResourcesBuildPhase section */
		CEE02DAF23B78C5600B09D43 /* Resources */ = {
			isa = PBXResourcesBuildPhase;
			buildActionMask = 2147483647;
			files = (
				CEE02DBF23B78C5700B09D43 /* LaunchScreen.storyboard in Resources */,
				CEE02DBC23B78C5700B09D43 /* Assets.xcassets in Resources */,
				CEE02DBA23B78C5600B09D43 /* Main.storyboard in Resources */,
			);
			runOnlyForDeploymentPostprocessing = 0;
		};
		CEE02DC323B78C5700B09D43 /* Resources */ = {
			isa = PBXResourcesBuildPhase;
			buildActionMask = 2147483647;
			files = (
			);
			runOnlyForDeploymentPostprocessing = 0;
		};
		CEE02DCE23B78C5700B09D43 /* Resources */ = {
			isa = PBXResourcesBuildPhase;
			buildActionMask = 2147483647;
			files = (
			);
			runOnlyForDeploymentPostprocessing = 0;
		};
/* End PBXResourcesBuildPhase section */

/* Begin PBXSourcesBuildPhase section */
		CEE02DAD23B78C5600B09D43 /* Sources */ = {
			isa = PBXSourcesBuildPhase;
			buildActionMask = 2147483647;
			files = (
				CEE02DE623B793B200B09D43 /* Animation.swift in Sources */,
				CEE02DB523B78C5600B09D43 /* AppDelegate.swift in Sources */,
				CEE02DE923B84EE500B09D43 /* BaseViewController.swift in Sources */,
				CEE02DED23B8A4AA00B09D43 /* BaseNavigationViewController.swift in Sources */,
				CEE02DEB23B8A2E100B09D43 /* MainViewController.swift in Sources */,
			);
			runOnlyForDeploymentPostprocessing = 0;
		};
		CEE02DC123B78C5700B09D43 /* Sources */ = {
			isa = PBXSourcesBuildPhase;
			buildActionMask = 2147483647;
			files = (
				CEE02DCA23B78C5700B09D43 /* BangBangNoteTests.swift in Sources */,
			);
			runOnlyForDeploymentPostprocessing = 0;
		};
		CEE02DCC23B78C5700B09D43 /* Sources */ = {
			isa = PBXSourcesBuildPhase;
			buildActionMask = 2147483647;
			files = (
				CEE02DD523B78C5700B09D43 /* BangBangNoteUITests.swift in Sources */,
			);
			runOnlyForDeploymentPostprocessing = 0;
		};
/* End PBXSourcesBuildPhase section */

/* Begin PBXTargetDependency section */
		CEE02DC723B78C5700B09D43 /* PBXTargetDependency */ = {
			isa = PBXTargetDependency;
			target = CEE02DB023B78C5600B09D43 /* BangBangNote */;
			targetProxy = CEE02DC623B78C5700B09D43 /* PBXContainerItemProxy */;
		};
		CEE02DD223B78C5700B09D43 /* PBXTargetDependency */ = {
			isa = PBXTargetDependency;
			target = CEE02DB023B78C5600B09D43 /* BangBangNote */;
			targetProxy = CEE02DD123B78C5700B09D43 /* PBXContainerItemProxy */;
		};
/* End PBXTargetDependency section */

/* Begin PBXVariantGroup section */
		CEE02DB823B78C5600B09D43 /* Main.storyboard */ = {
			isa = PBXVariantGroup;
			children = (
				CEE02DB923B78C5600B09D43 /* Base */,
			);
			name = Main.storyboard;
			sourceTree = "<group>";
		};
		CEE02DBD23B78C5700B09D43 /* LaunchScreen.storyboard */ = {
			isa = PBXVariantGroup;
			children = (
				CEE02DBE23B78C5700B09D43 /* Base */,
			);
			name = LaunchScreen.storyboard;
			sourceTree = "<group>";
		};
/* End PBXVariantGroup section */

/* Begin XCBuildConfiguration section */
		CEE02DD723B78C5700B09D43 /* Debug */ = {
			isa = XCBuildConfiguration;
			buildSettings = {
				ALWAYS_SEARCH_USER_PATHS = NO;
				CLANG_ANALYZER_NONNULL = YES;
				CLANG_ANALYZER_NUMBER_OBJECT_CONVERSION = YES_AGGRESSIVE;
				CLANG_CXX_LANGUAGE_STANDARD = "gnu++14";
				CLANG_CXX_LIBRARY = "libc++";
				CLANG_ENABLE_MODULES = YES;
				CLANG_ENABLE_OBJC_ARC = YES;
				CLANG_ENABLE_OBJC_WEAK = YES;
				CLANG_WARN_BLOCK_CAPTURE_AUTORELEASING = YES;
				CLANG_WARN_BOOL_CONVERSION = YES;
				CLANG_WARN_COMMA = YES;
				CLANG_WARN_CONSTANT_CONVERSION = YES;
				CLANG_WARN_DEPRECATED_OBJC_IMPLEMENTATIONS = YES;
				CLANG_WARN_DIRECT_OBJC_ISA_USAGE = YES_ERROR;
				CLANG_WARN_DOCUMENTATION_COMMENTS = YES;
				CLANG_WARN_EMPTY_BODY = YES;
				CLANG_WARN_ENUM_CONVERSION = YES;
				CLANG_WARN_INFINITE_RECURSION = YES;
				CLANG_WARN_INT_CONVERSION = YES;
				CLANG_WARN_NON_LITERAL_NULL_CONVERSION = YES;
				CLANG_WARN_OBJC_IMPLICIT_RETAIN_SELF = YES;
				CLANG_WARN_OBJC_LITERAL_CONVERSION = YES;
				CLANG_WARN_OBJC_ROOT_CLASS = YES_ERROR;
				CLANG_WARN_RANGE_LOOP_ANALYSIS = YES;
				CLANG_WARN_STRICT_PROTOTYPES = YES;
				CLANG_WARN_SUSPICIOUS_MOVE = YES;
				CLANG_WARN_UNGUARDED_AVAILABILITY = YES_AGGRESSIVE;
				CLANG_WARN_UNREACHABLE_CODE = YES;
				CLANG_WARN__DUPLICATE_METHOD_MATCH = YES;
				CODE_SIGN_IDENTITY = "iPhone Developer";
				COPY_PHASE_STRIP = NO;
				DEBUG_INFORMATION_FORMAT = dwarf;
				ENABLE_STRICT_OBJC_MSGSEND = YES;
				ENABLE_TESTABILITY = YES;
				GCC_C_LANGUAGE_STANDARD = gnu11;
				GCC_DYNAMIC_NO_PIC = NO;
				GCC_NO_COMMON_BLOCKS = YES;
				GCC_OPTIMIZATION_LEVEL = 0;
				GCC_PREPROCESSOR_DEFINITIONS = (
					"DEBUG=1",
					"$(inherited)",
				);
				GCC_WARN_64_TO_32_BIT_CONVERSION = YES;
				GCC_WARN_ABOUT_RETURN_TYPE = YES_ERROR;
				GCC_WARN_UNDECLARED_SELECTOR = YES;
				GCC_WARN_UNINITIALIZED_AUTOS = YES_AGGRESSIVE;
				GCC_WARN_UNUSED_FUNCTION = YES;
				GCC_WARN_UNUSED_VARIABLE = YES;
				IPHONEOS_DEPLOYMENT_TARGET = 12.2;
				MTL_ENABLE_DEBUG_INFO = INCLUDE_SOURCE;
				MTL_FAST_MATH = YES;
				ONLY_ACTIVE_ARCH = YES;
				SDKROOT = iphoneos;
				SWIFT_ACTIVE_COMPILATION_CONDITIONS = DEBUG;
				SWIFT_OPTIMIZATION_LEVEL = "-Onone";
			};
			name = Debug;
		};
		CEE02DD823B78C5700B09D43 /* Release */ = {
			isa = XCBuildConfiguration;
			buildSettings = {
				ALWAYS_SEARCH_USER_PATHS = NO;
				CLANG_ANALYZER_NONNULL = YES;
				CLANG_ANALYZER_NUMBER_OBJECT_CONVERSION = YES_AGGRESSIVE;
				CLANG_CXX_LANGUAGE_STANDARD = "gnu++14";
				CLANG_CXX_LIBRARY = "libc++";
				CLANG_ENABLE_MODULES = YES;
				CLANG_ENABLE_OBJC_ARC = YES;
				CLANG_ENABLE_OBJC_WEAK = YES;
				CLANG_WARN_BLOCK_CAPTURE_AUTORELEASING = YES;
				CLANG_WARN_BOOL_CONVERSION = YES;
				CLANG_WARN_COMMA = YES;
				CLANG_WARN_CONSTANT_CONVERSION = YES;
				CLANG_WARN_DEPRECATED_OBJC_IMPLEMENTATIONS = YES;
				CLANG_WARN_DIRECT_OBJC_ISA_USAGE = YES_ERROR;
				CLANG_WARN_DOCUMENTATION_COMMENTS = YES;
				CLANG_WARN_EMPTY_BODY = YES;
				CLANG_WARN_ENUM_CONVERSION = YES;
				CLANG_WARN_INFINITE_RECURSION = YES;
				CLANG_WARN_INT_CONVERSION = YES;
				CLANG_WARN_NON_LITERAL_NULL_CONVERSION = YES;
				CLANG_WARN_OBJC_IMPLICIT_RETAIN_SELF = YES;
				CLANG_WARN_OBJC_LITERAL_CONVERSION = YES;
				CLANG_WARN_OBJC_ROOT_CLASS = YES_ERROR;
				CLANG_WARN_RANGE_LOOP_ANALYSIS = YES;
				CLANG_WARN_STRICT_PROTOTYPES = YES;
				CLANG_WARN_SUSPICIOUS_MOVE = YES;
				CLANG_WARN_UNGUARDED_AVAILABILITY = YES_AGGRESSIVE;
				CLANG_WARN_UNREACHABLE_CODE = YES;
				CLANG_WARN__DUPLICATE_METHOD_MATCH = YES;
				CODE_SIGN_IDENTITY = "iPhone Developer";
				COPY_PHASE_STRIP = NO;
				DEBUG_INFORMATION_FORMAT = "dwarf-with-dsym";
				ENABLE_NS_ASSERTIONS = NO;
				ENABLE_STRICT_OBJC_MSGSEND = YES;
				GCC_C_LANGUAGE_STANDARD = gnu11;
				GCC_NO_COMMON_BLOCKS = YES;
				GCC_WARN_64_TO_32_BIT_CONVERSION = YES;
				GCC_WARN_ABOUT_RETURN_TYPE = YES_ERROR;
				GCC_WARN_UNDECLARED_SELECTOR = YES;
				GCC_WARN_UNINITIALIZED_AUTOS = YES_AGGRESSIVE;
				GCC_WARN_UNUSED_FUNCTION = YES;
				GCC_WARN_UNUSED_VARIABLE = YES;
				IPHONEOS_DEPLOYMENT_TARGET = 12.2;
				MTL_ENABLE_DEBUG_INFO = NO;
				MTL_FAST_MATH = YES;
				SDKROOT = iphoneos;
				SWIFT_COMPILATION_MODE = wholemodule;
				SWIFT_OPTIMIZATION_LEVEL = "-O";
				VALIDATE_PRODUCT = YES;
			};
			name = Release;
		};
		CEE02DDA23B78C5700B09D43 /* Debug */ = {
			isa = XCBuildConfiguration;
			buildSettings = {
				ASSETCATALOG_COMPILER_APPICON_NAME = AppIcon;
				CODE_SIGN_STYLE = Automatic;
				DEVELOPMENT_TEAM = 6Y8RK23U73;
				INFOPLIST_FILE = BangBangNote/Info.plist;
				LD_RUNPATH_SEARCH_PATHS = (
					"$(inherited)",
					"@executable_path/Frameworks",
				);
				PRODUCT_BUNDLE_IDENTIFIER = com.ejlin.BangBangNote.BangBangNote;
				PRODUCT_NAME = "$(TARGET_NAME)";
				SWIFT_VERSION = 5.0;
				TARGETED_DEVICE_FAMILY = 1;
			};
			name = Debug;
		};
		CEE02DDB23B78C5700B09D43 /* Release */ = {
			isa = XCBuildConfiguration;
			buildSettings = {
				ASSETCATALOG_COMPILER_APPICON_NAME = AppIcon;
				CODE_SIGN_STYLE = Automatic;
				DEVELOPMENT_TEAM = 6Y8RK23U73;
				INFOPLIST_FILE = BangBangNote/Info.plist;
				LD_RUNPATH_SEARCH_PATHS = (
					"$(inherited)",
					"@executable_path/Frameworks",
				);
				PRODUCT_BUNDLE_IDENTIFIER = com.ejlin.BangBangNote.BangBangNote;
				PRODUCT_NAME = "$(TARGET_NAME)";
				SWIFT_VERSION = 5.0;
				TARGETED_DEVICE_FAMILY = 1;
			};
			name = Release;
		};
		CEE02DDD23B78C5700B09D43 /* Debug */ = {
			isa = XCBuildConfiguration;
			buildSettings = {
				ALWAYS_EMBED_SWIFT_STANDARD_LIBRARIES = YES;
				BUNDLE_LOADER = "$(TEST_HOST)";
				CODE_SIGN_STYLE = Automatic;
				DEVELOPMENT_TEAM = 6Y8RK23U73;
				INFOPLIST_FILE = BangBangNoteTests/Info.plist;
				LD_RUNPATH_SEARCH_PATHS = (
					"$(inherited)",
					"@executable_path/Frameworks",
					"@loader_path/Frameworks",
				);
				PRODUCT_BUNDLE_IDENTIFIER = com.ejlin.BangBangNote.BangBangNoteTests;
				PRODUCT_NAME = "$(TARGET_NAME)";
				SWIFT_VERSION = 5.0;
				TARGETED_DEVICE_FAMILY = "1,2";
				TEST_HOST = "$(BUILT_PRODUCTS_DIR)/BangBangNote.app/BangBangNote";
			};
			name = Debug;
		};
		CEE02DDE23B78C5700B09D43 /* Release */ = {
			isa = XCBuildConfiguration;
			buildSettings = {
				ALWAYS_EMBED_SWIFT_STANDARD_LIBRARIES = YES;
				BUNDLE_LOADER = "$(TEST_HOST)";
				CODE_SIGN_STYLE = Automatic;
				DEVELOPMENT_TEAM = 6Y8RK23U73;
				INFOPLIST_FILE = BangBangNoteTests/Info.plist;
				LD_RUNPATH_SEARCH_PATHS = (
					"$(inherited)",
					"@executable_path/Frameworks",
					"@loader_path/Frameworks",
				);
				PRODUCT_BUNDLE_IDENTIFIER = com.ejlin.BangBangNote.BangBangNoteTests;
				PRODUCT_NAME = "$(TARGET_NAME)";
				SWIFT_VERSION = 5.0;
				TARGETED_DEVICE_FAMILY = "1,2";
				TEST_HOST = "$(BUILT_PRODUCTS_DIR)/BangBangNote.app/BangBangNote";
			};
			name = Release;
		};
		CEE02DE023B78C5700B09D43 /* Debug */ = {
			isa = XCBuildConfiguration;
			buildSettings = {
				ALWAYS_EMBED_SWIFT_STANDARD_LIBRARIES = YES;
				CODE_SIGN_STYLE = Automatic;
				DEVELOPMENT_TEAM = 6Y8RK23U73;
				INFOPLIST_FILE = BangBangNoteUITests/Info.plist;
				LD_RUNPATH_SEARCH_PATHS = (
					"$(inherited)",
					"@executable_path/Frameworks",
					"@loader_path/Frameworks",
				);
				PRODUCT_BUNDLE_IDENTIFIER = com.ejlin.BangBangNote.BangBangNoteUITests;
				PRODUCT_NAME = "$(TARGET_NAME)";
				SWIFT_VERSION = 5.0;
				TARGETED_DEVICE_FAMILY = "1,2";
				TEST_TARGET_NAME = BangBangNote;
			};
			name = Debug;
		};
		CEE02DE123B78C5700B09D43 /* Release */ = {
			isa = XCBuildConfiguration;
			buildSettings = {
				ALWAYS_EMBED_SWIFT_STANDARD_LIBRARIES = YES;
				CODE_SIGN_STYLE = Automatic;
				DEVELOPMENT_TEAM = 6Y8RK23U73;
				INFOPLIST_FILE = BangBangNoteUITests/Info.plist;
				LD_RUNPATH_SEARCH_PATHS = (
					"$(inherited)",
					"@executable_path/Frameworks",
					"@loader_path/Frameworks",
				);
				PRODUCT_BUNDLE_IDENTIFIER = com.ejlin.BangBangNote.BangBangNoteUITests;
				PRODUCT_NAME = "$(TARGET_NAME)";
				SWIFT_VERSION = 5.0;
				TARGETED_DEVICE_FAMILY = "1,2";
				TEST_TARGET_NAME = BangBangNote;
			};
			name = Release;
		};
/* End XCBuildConfiguration section */

/* Begin XCConfigurationList section */
		CEE02DAC23B78C5600B09D43 /* Build configuration list for PBXProject "BangBangNote" */ = {
			isa = XCConfigurationList;
			buildConfigurations = (
				CEE02DD723B78C5700B09D43 /* Debug */,
				CEE02DD823B78C5700B09D43 /* Release */,
			);
			defaultConfigurationIsVisible = 0;
			defaultConfigurationName = Release;
		};
		CEE02DD923B78C5700B09D43 /* Build configuration list for PBXNativeTarget "BangBangNote" */ = {
			isa = XCConfigurationList;
			buildConfigurations = (
				CEE02DDA23B78C5700B09D43 /* Debug */,
				CEE02DDB23B78C5700B09D43 /* Release */,
			);
			defaultConfigurationIsVisible = 0;
			defaultConfigurationName = Release;
		};
		CEE02DDC23B78C5700B09D43 /* Build configuration list for PBXNativeTarget "BangBangNoteTests" */ = {
			isa = XCConfigurationList;
			buildConfigurations = (
				CEE02DDD23B78C5700B09D43 /* Debug */,
				CEE02DDE23B78C5700B09D43 /* Release */,
			);
			defaultConfigurationIsVisible = 0;
			defaultConfigurationName = Release;
		};
		CEE02DDF23B78C5700B09D43 /* Build configuration list for PBXNativeTarget "BangBangNoteUITests" */ = {
			isa = XCConfigurationList;
			buildConfigurations = (
				CEE02DE023B78C5700B09D43 /* Debug */,
				CEE02DE123B78C5700B09D43 /* Release */,
			);
			defaultConfigurationIsVisible = 0;
			defaultConfigurationName = Release;
		};
/* End XCConfigurationList section */
	};
	rootObject = CEE02DA923B78C5600B09D43 /* Project object */;
}
